
Microsoft Visual Studio Solution File, Format Version 12.00
# Visual Studio Version 17
VisualStudioVersion = 17.14.37012.4
MinimumVisualStudioVersion = 10.0.40219.1
Project("{FAE04EC0-301F-11D3-BF4B-00C04F79EFBC}") = "Triatlon", "Triatlon\Triatlon.csproj", "{665F1BA4-48E9-4939-9939-D93F8A6895ED}"
EndProject
Project("{FAE04EC0-301F-11D3-BF4B-00C04F79EFBC}") = "Naloga1_Uvoz", "Naloga1_Uvoz\Naloga1_Uvoz.csproj", "{DE9929E7-A4D9-4F95-9BF1-BCADC69AFFBF}"
EndProject
Project("{FAE04EC0-301F-11D3-BF4B-00C04F79EFBC}") = "Naloga3_WPF", "Naloga3_WPF\Naloga3_WPF.csproj", "{CEE9737C-58D1-4932-84B5-0C6BE705492E}"
EndProject
Project("{FAE04EC0-301F-11D3-BF4B-00C04F79EFBC}") = "Naloga4_Splet", "..\Naloga4_Splet\Naloga4_Splet\Naloga4_Splet.csproj", "{489884A3-7F85-08B5-C48A-9E18BD1551A3}"
EndProject
Project("{C7167F0D-BC9F-4E6E-AFE1-012C56B48DB5}") = "Naloga3_Installer", "Naloga3_Installer\Naloga3_Installer.wapproj", "{885A1FC3-D043-4DE3-B05D-2E91D1F4D0D5}"
EndProject
Global
	GlobalSection(SolutionConfigurationPlatforms) = preSolution
		Debug|Any CPU = Debug|Any CPU
		Debug|ARM = Debug|ARM
		Debug|ARM64 = Debug|ARM64
		Debug|x64 = Debug|x64
		Debug|x86 = Debug|x86
		Release|Any CPU = Release|Any CPU
		Release|ARM = Release|ARM
		Release|ARM64 = Release|ARM64
		Release|x64 = Release|x64
		Release|x86 = Release|x86
	EndGlobalSection
	GlobalSection(ProjectConfigurationPlatforms) = postSolution
		{665F1BA4-48E9-4939-9939-D93F8A6895ED}.Debug|Any CPU.ActiveCfg = Debug|Any CPU
		{665F1BA4-48E9-4939-9939-D93F8A6895ED}.Debug|Any CPU.Build.0 = Debug|Any CPU
		{665F1BA4-48E9-4939-9939-D93F8A6895ED}.Debug|ARM.ActiveCfg = Debug|Any CPU
		{665F1BA4-48E9-4939-9939-D93F8A6895ED}.Debug|ARM.Build.0 = Debug|Any CPU
		{665F1BA4-48E9-4939-9939-D93F8A6895ED}.Debug|ARM64.ActiveCfg = Debug|Any CPU
		{665F1BA4-48E9-4939-9939-D93F8A6895ED}.Debug|ARM64.Build.0 = Debug|Any CPU
		{665F1BA4-48E9-4939-9939-D93F8A6895ED}.Debug|x64.ActiveCfg = Debug|Any CPU
		{665F1BA4-48E9-4939-9939-D93F8A6895ED}.Debug|x64.Build.0 = Debug|Any CPU
		{665F1BA4-48E9-4939-9939-D93F8A6895ED}.Debug|x86.ActiveCfg = Debug|Any CPU
		{665F1BA4-48E9-4939-9939-D93F8A6895ED}.Debug|x86.Build.0 = Debug|Any CPU
		{665F1BA4-48E9-4939-9939-D93F8A6895ED}.Release|Any CPU.ActiveCfg = Release|Any CPU
		{665F1BA4-48E9-4939-9939-D93F8A6895ED}.Release|Any CPU.Build.0 = Release|Any CPU
		{665F1BA4-48E9-4939-9939-D93F8A6895ED}.Release|ARM.ActiveCfg = Release|Any CPU
		{665F1BA4-48E9-4939-9939-D93F8A6895ED}.Release|ARM.Build.0 = Release|Any CPU
		{665F1BA4-48E9-4939-9939-D93F8A6895ED}.Release|ARM64.ActiveCfg = Release|Any CPU
		{665F1BA4-48E9-4939-9939-D93F8A6895ED}.Release|ARM64.Build.0 = Release|Any CPU
		{665F1BA4-48E9-4939-9939-D93F8A6895ED}.Release|x64.ActiveCfg = Release|Any CPU
		{665F1BA4-48E9-4939-9939-D93F8A6895ED}.Release|x64.Build.0 = Release|Any CPU
		{665F1BA4-48E9-4939-9939-D93F8A6895ED}.Release|x86.ActiveCfg = Release|Any CPU
		{665F1BA4-48E9-4939-9939-D93F8A6895ED}.Release|x86.Build.0 = Release|Any CPU
		{DE9929E7-A4D9-4F95-9BF1-BCADC69AFFBF}.Debug|Any CPU.ActiveCfg = Debug|Any CPU
		{DE9929E7-A4D9-4F95-9BF1-BCADC69AFFBF}.Debug|Any CPU.Build.0 = Debug|Any CPU
		{DE9929E7-A4D9-4F95-9BF1-BCADC69AFFBF}.Debug|ARM.ActiveCfg = Debug|Any CPU
		{DE9929E7-A4D9-4F95-9BF1-BCADC69AFFBF}.Debug|ARM.Build.0 = Debug|Any CPU
		{DE9929E7-A4D9-4F95-9BF1-BCADC69AFFBF}.Debug|ARM64.ActiveCfg = Debug|Any CPU
		{DE9929E7-A4D9-4F95-9BF1-BCADC69AFFBF}.Debug|ARM64.Build.0 = Debug|Any CPU
		{DE9929E7-A4D9-4F95-9BF1-BCADC69AFFBF}.Debug|x64.ActiveCfg = Debug|Any CPU
		{DE9929E7-A4D9-4F95-9BF1-BCADC69AFFBF}.Debug|x64.Build.0 = Debug|Any CPU
		{DE9929E7-A4D9-4F95-9BF1-BCADC69AFFBF}.Debug|x86.ActiveCfg = Debug|Any CPU
		{DE9929E7-A4D9-4F95-9BF1-BCADC69AFFBF}.Debug|x86.Build.0 = Debug|Any CPU
		{DE9929E7-A4D9-4F95-9BF1-BCADC69AFFBF}.Release|Any CPU.ActiveCfg = Release|Any CPU
		{DE9929E7-A4D9-4F95-9BF1-BCADC69AFFBF}.Release|Any CPU.Build.0 = Release|Any CPU
		{DE9929E7-A4D9-4F95-9BF1-BCADC69AFFBF}.Release|ARM.ActiveCfg = Release|Any CPU
		{DE9929E7-A4D9-4F95-9BF1-BCADC69AFFBF}.Release|ARM.Build.0 = Release|Any CPU
		{DE9929E7-A4D9-4F95-9BF1-BCADC69AFFBF}.Release|ARM64.ActiveCfg = Release|Any CPU
		{DE9929E7-A4D9-4F95-9BF1-BCADC69AFFBF}.Release|ARM64.Build.0 = Release|Any CPU
		{DE9929E7-A4D9-4F95-9BF1-BCADC69AFFBF}.Release|x64.ActiveCfg = Release|Any CPU
		{DE9929E7-A4D9-4F95-9BF1-BCADC69AFFBF}.Release|x64.Build.0 = Release|Any CPU
		{DE9929E7-A4D9-4F95-9BF1-BCADC69AFFBF}.Release|x86.ActiveCfg = Release|Any CPU
		{DE9929E7-A4D9-4F95-9BF1-BCADC69AFFBF}.Release|x86.Build.0 = Release|Any CPU
		{CEE9737C-58D1-4932-84B5-0C6BE705492E}.Debug|Any CPU.ActiveCfg = Debug|Any CPU
		{CEE9737C-58D1-4932-84B5-0C6BE705492E}.Debug|Any CPU.Build.0 = Debug|Any CPU
		{CEE9737C-58D1-4932-84B5-0C6BE705492E}.Debug|ARM.ActiveCfg = Debug|Any CPU
		{CEE9737C-58D1-4932-84B5-0C6BE705492E}.Debug|ARM.Build.0 = Debug|Any CPU
		{CEE9737C-58D1-4932-84B5-0C6BE705492E}.Debug|ARM64.ActiveCfg = Debug|Any CPU
		{CEE9737C-58D1-4932-84B5-0C6BE705492E}.Debug|ARM64.Build.0 = Debug|Any CPU
		{CEE9737C-58D1-4932-84B5-0C6BE705492E}.Debug|x64.ActiveCfg = Debug|Any CPU
		{CEE9737C-58D1-4932-84B5-0C6BE705492E}.Debug|x64.Build.0 = Debug|Any CPU
		{CEE9737C-58D1-4932-84B5-0C6BE705492E}.Debug|x86.ActiveCfg = Debug|Any CPU
		{CEE9737C-58D1-4932-84B5-0C6BE705492E}.Debug|x86.Build.0 = Debug|Any CPU
		{CEE9737C-58D1-4932-84B5-0C6BE705492E}.Release|Any CPU.ActiveCfg = Release|Any CPU
		{CEE9737C-58D1-4932-84B5-0C6BE705492E}.Release|Any CPU.Build.0 = Release|Any CPU
		{CEE9737C-58D1-4932-84B5-0C6BE705492E}.Release|ARM.ActiveCfg = Release|Any CPU
		{CEE9737C-58D1-4932-84B5-0C6BE705492E}.Release|ARM.Build.0 = Release|Any CPU
		{CEE9737C-58D1-4932-84B5-0C6BE705492E}.Release|ARM64.ActiveCfg = Release|Any CPU
		{CEE9737C-58D1-4932-84B5-0C6BE705492E}.Release|ARM64.Build.0 = Release|Any CPU
		{CEE9737C-58D1-4932-84B5-0C6BE705492E}.Release|x64.ActiveCfg = Release|Any CPU
		{CEE9737C-58D1-4932-84B5-0C6BE705492E}.Release|x64.Build.0 = Release|Any CPU
		{CEE9737C-58D1-4932-84B5-0C6BE705492E}.Release|x86.ActiveCfg = Release|Any CPU
		{CEE9737C-58D1-4932-84B5-0C6BE705492E}.Release|x86.Build.0 = Release|Any CPU
		{489884A3-7F85-08B5-C48A-9E18BD1551A3}.Debug|Any CPU.ActiveCfg = Debug|Any CPU
		{489884A3-7F85-08B5-C48A-9E18BD1551A3}.Debug|Any CPU.Build.0 = Debug|Any CPU
		{489884A3-7F85-08B5-C48A-9E18BD1551A3}.Debug|ARM.ActiveCfg = Debug|Any CPU
		{489884A3-7F85-08B5-C48A-9E18BD1551A3}.Debug|ARM.Build.0 = Debug|Any CPU
		{489884A3-7F85-08B5-C48A-9E18BD1551A3}.Debug|ARM64.ActiveCfg = Debug|Any CPU
		{489884A3-7F85-08B5-C48A-9E18BD1551A3}.Debug|ARM64.Build.0 = Debug|Any CPU
		{489884A3-7F85-08B5-C48A-9E18BD1551A3}.Debug|x64.ActiveCfg = Debug|Any CPU
		{489884A3-7F85-08B5-C48A-9E18BD1551A3}.Debug|x64.Build.0 = Debug|Any CPU
		{489884A3-7F85-08B5-C48A-9E18BD1551A3}.Debug|x86.ActiveCfg = Debug|Any CPU
		{489884A3-7F85-08B5-C48A-9E18BD1551A3}.Debug|x86.Build.0 = Debug|Any CPU
		{489884A3-7F85-08B5-C48A-9E18BD1551A3}.Release|Any CPU.ActiveCfg = Release|Any CPU
		{489884A3-7F85-08B5-C48A-9E18BD1551A3}.Release|Any CPU.Build.0 = Release|Any CPU
		{489884A3-7F85-08B5-C48A-9E18BD1551A3}.Release|ARM.ActiveCfg = Release|Any CPU
		{489884A3-7F85-08B5-C48A-9E18BD1551A3}.Release|ARM.Build.0 = Release|Any CPU
		{489884A3-7F85-08B5-C48A-9E18BD1551A3}.Release|ARM64.ActiveCfg = Release|Any CPU
		{489884A3-7F85-08B5-C48A-9E18BD1551A3}.Release|ARM64.Build.0 = Release|Any CPU
		{489884A3-7F85-08B5-C48A-9E18BD1551A3}.Release|x64.ActiveCfg = Release|Any CPU
		{489884A3-7F85-08B5-C48A-9E18BD1551A3}.Release|x64.Build.0 = Release|Any CPU
		{489884A3-7F85-08B5-C48A-9E18BD1551A3}.Release|x86.ActiveCfg = Release|Any CPU
		{489884A3-7F85-08B5-C48A-9E18BD1551A3}.Release|x86.Build.0 = Release|Any CPU
		{885A1FC3-D043-4DE3-B05D-2E91D1F4D0D5}.Debug|Any CPU.ActiveCfg = Debug|Any CPU
		{885A1FC3-D043-4DE3-B05D-2E91D1F4D0D5}.Debug|Any CPU.Build.0 = Debug|Any CPU
		{885A1FC3-D043-4DE3-B05D-2E91D1F4D0D5}.Debug|Any CPU.Deploy.0 = Debug|Any CPU
		{885A1FC3-D043-4DE3-B05D-2E91D1F4D0D5}.Debug|ARM.ActiveCfg = Debug|ARM
		{885A1FC3-D043-4DE3-B05D-2E91D1F4D0D5}.Debug|ARM.Build.0 = Debug|ARM
		{885A1FC3-D043-4DE3-B05D-2E91D1F4D0D5}.Debug|ARM.Deploy.0 = Debug|ARM
		{885A1FC3-D043-4DE3-B05D-2E91D1F4D0D5}.Debug|ARM64.ActiveCfg = Debug|ARM64
		{885A1FC3-D043-4DE3-B05D-2E91D1F4D0D5}.Debug|ARM64.Build.0 = Debug|ARM64
		{885A1FC3-D043-4DE3-B05D-2E91D1F4D0D5}.Debug|ARM64.Deploy.0 = Debug|ARM64
		{885A1FC3-D043-4DE3-B05D-2E91D1F4D0D5}.Debug|x64.ActiveCfg = Debug|x64
		{885A1FC3-D043-4DE3-B05D-2E91D1F4D0D5}.Debug|x64.Build.0 = Debug|x64
		{885A1FC3-D043-4DE3-B05D-2E91D1F4D0D5}.Debug|x64.Deploy.0 = Debug|x64
		{885A1FC3-D043-4DE3-B05D-2E91D1F4D0D5}.Debug|x86.ActiveCfg = Debug|x86
		{885A1FC3-D043-4DE3-B05D-2E91D1F4D0D5}.Debug|x86.Build.0 = Debug|x86
		{885A1FC3-D043-4DE3-B05D-2E91D1F4D0D5}.Debug|x86.Deploy.0 = Debug|x86
		{885A1FC3-D043-4DE3-B05D-2E91D1F4D0D5}.Release|Any CPU.ActiveCfg = Release|Any CPU
		{885A1FC3-D043-4DE3-B05D-2E91D1F4D0D5}.Release|Any CPU.Build.0 = Release|Any CPU
		{885A1FC3-D043-4DE3-B05D-2E91D1F4D0D5}.Release|Any CPU.Deploy.0 = Release|Any CPU
		{885A1FC3-D043-4DE3-B05D-2E91D1F4D0D5}.Release|ARM.ActiveCfg = Release|ARM
		{885A1FC3-D043-4DE3-B05D-2E91D1F4D0D5}.Release|ARM.Build.0 = Release|ARM
		{885A1FC3-D043-4DE3-B05D-2E91D1F4D0D5}.Release|ARM.Deploy.0 = Release|ARM
		{885A1FC3-D043-4DE3-B05D-2E91D1F4D0D5}.Release|ARM64.ActiveCfg = Release|ARM64
		{885A1FC3-D043-4DE3-B05D-2E91D1F4D0D5}.Release|ARM64.Build.0 = Release|ARM64
		{885A1FC3-D043-4DE3-B05D-2E91D1F4D0D5}.Release|ARM64.Deploy.0 = Release|ARM64
		{885A1FC3-D043-4DE3-B05D-2E91D1F4D0D5}.Release|x64.ActiveCfg = Release|x64
		{885A1FC3-D043-4DE3-B05D-2E91D1F4D0D5}.Release|x64.Build.0 = Release|x64
		{885A1FC3-D043-4DE3-B05D-2E91D1F4D0D5}.Release|x64.Deploy.0 = Release|x64
		{885A1FC3-D043-4DE3-B05D-2E91D1F4D0D5}.Release|x86.ActiveCfg = Release|x86
		{885A1FC3-D043-4DE3-B05D-2E91D1F4D0D5}.Release|x86.Build.0 = Release|x86
		{885A1FC3-D043-4DE3-B05D-2E91D1F4D0D5}.Release|x86.Deploy.0 = Release|x86
	EndGlobalSection
	GlobalSection(SolutionProperties) = preSolution
		HideSolutionNode = FALSE
	EndGlobalSection
	GlobalSection(ExtensibilityGlobals) = postSolution
		SolutionGuid = {2AE22C90-BDE2-4F8C-AD24-485B19A0CF79}
	EndGlobalSection
EndGlobal
